
Microsoft Visual Studio Solution File, Format Version 12.00
# Visual Studio 15
VisualStudioVersion = 15.0.28010.2036
MinimumVisualStudioVersion = 10.0.40219.1
Project("{FAE04EC0-301F-11D3-BF4B-00C04F79EFBC}") = "Home2", "Home2\Home2.csproj", "{06A3CB3B-74B3-491F-BD82-17C1D4459855}"
EndProject
Global
	GlobalSection(SolutionConfigurationPlatforms) = preSolution
		Debug|Any CPU = Debug|Any CPU
		Release|Any CPU = Release|Any CPU
	EndGlobalSection
	GlobalSection(ProjectConfigurationPlatforms) = postSolution
		{06A3CB3B-74B3-491F-BD82-17C1D4459855}.Debug|Any CPU.ActiveCfg = Debug|Any CPU
		{06A3CB3B-74B3-491F-BD82-17C1D4459855}.Debug|Any CPU.Build.0 = Debug|Any CPU
		{06A3CB3B-74B3-491F-BD82-17C1D4459855}.Release|Any CPU.ActiveCfg = Release|Any CPU
		{06A3CB3B-74B3-491F-BD82-17C1D4459855}.Release|Any CPU.Build.0 = Release|Any CPU
	EndGlobalSection
	GlobalSection(SolutionProperties) = preSolution
		HideSolutionNode = FALSE
	EndGlobalSection
	GlobalSection(ExtensibilityGlobals) = postSolution
		SolutionGuid = {2DD0C476-20AF-44D5-BAF8-ED3A69A9896D}
	EndGlobalSection
EndGlobal
